
Microsoft Visual Studio Solution File, Format Version 12.00
# Visual Studio for Mac
Project("{FAE04EC0-301F-11D3-BF4B-00C04F79EFBC}") = "Assembly-CSharp", "Assembly-CSharp.csproj", "{117D8789-075C-2FA5-A313-8F4789D9D397}"
EndProject
Project("{FAE04EC0-301F-11D3-BF4B-00C04F79EFBC}") = "Assembly-CSharp-Editor", "Assembly-CSharp-Editor.csproj", "{D1C1F881-4A63-4F35-01EA-54185F7AD059}"
EndProject
Global
	GlobalSection(SolutionConfigurationPlatforms) = preSolution
		Debug|Any CPU = Debug|Any CPU
		Release|Any CPU = Release|Any CPU
	EndGlobalSection
	GlobalSection(ProjectConfigurationPlatforms) = postSolution
		{117D8789-075C-2FA5-A313-8F4789D9D397}.Debug|Any CPU.ActiveCfg = Debug|Any CPU
		{117D8789-075C-2FA5-A313-8F4789D9D397}.Debug|Any CPU.Build.0 = Debug|Any CPU
		{117D8789-075C-2FA5-A313-8F4789D9D397}.Release|Any CPU.ActiveCfg = Release|Any CPU
		{117D8789-075C-2FA5-A313-8F4789D9D397}.Release|Any CPU.Build.0 = Release|Any CPU
		{D1C1F881-4A63-4F35-01EA-54185F7AD059}.Debug|Any CPU.ActiveCfg = Debug|Any CPU
		{D1C1F881-4A63-4F35-01EA-54185F7AD059}.Debug|Any CPU.Build.0 = Debug|Any CPU
		{D1C1F881-4A63-4F35-01EA-54185F7AD059}.Release|Any CPU.ActiveCfg = Release|Any CPU
		{D1C1F881-4A63-4F35-01EA-54185F7AD059}.Release|Any CPU.Build.0 = Release|Any CPU
	EndGlobalSection
	GlobalSection(SolutionProperties) = preSolution
		HideSolutionNode = FALSE
	EndGlobalSection
EndGlobal
